// !$*UTF8*$!
{
	archiveVersion = 1;
	classes = {
	};
	objectVersion = 50;
	objects = {

/* Begin PBXBuildFile section */
		E5969B5321295DC2009D8EE3 /* AppDelegate.swift in Sources */ = {isa = PBXBuildFile; fileRef = E5969B5221295DC2009D8EE3 /* AppDelegate.swift */; };
		E5969B5521295DC2009D8EE3 /* ViewController.swift in Sources */ = {isa = PBXBuildFile; fileRef = E5969B5421295DC2009D8EE3 /* ViewController.swift */; };
		E5969B5821295DC2009D8EE3 /* Main.storyboard in Resources */ = {isa = PBXBuildFile; fileRef = E5969B5621295DC2009D8EE3 /* Main.storyboard */; };
		E5969B5A21295DC4009D8EE3 /* Assets.xcassets in Resources */ = {isa = PBXBuildFile; fileRef = E5969B5921295DC4009D8EE3 /* Assets.xcassets */; };
		E5969B5D21295DC4009D8EE3 /* LaunchScreen.storyboard in Resources */ = {isa = PBXBuildFile; fileRef = E5969B5B21295DC4009D8EE3 /* LaunchScreen.storyboard */; };
/* End PBXBuildFile section */

/* Begin PBXFileReference section */
		E5969B4F21295DC1009D8EE3 /* HomeworkShoppingApp.app */ = {isa = PBXFileReference; explicitFileType = wrapper.application; includeInIndex = 0; path = HomeworkShoppingApp.app; sourceTree = BUILT_PRODUCTS_DIR; };
		E5969B5221295DC2009D8EE3 /* AppDelegate.swift */ = {isa = PBXFileReference; lastKnownFileType = sourcecode.swift; path = AppDelegate.swift; sourceTree = "<group>"; };
		E5969B5421295DC2009D8EE3 /* ViewController.swift */ = {isa = PBXFileReference; lastKnownFileType = sourcecode.swift; path = ViewController.swift; sourceTree = "<group>"; };
		E5969B5721295DC2009D8EE3 /* Base */ = {isa = PBXFileReference; lastKnownFileType = file.storyboard; name = Base; path = Base.lproj/Main.storyboard; sourceTree = "<group>"; };
		E5969B5921295DC4009D8EE3 /* Assets.xcassets */ = {isa = PBXFileReference; lastKnownFileType = folder.assetcatalog; path = Assets.xcassets; sourceTree = "<group>"; };
		E5969B5C21295DC4009D8EE3 /* Base */ = {isa = PBXFileReference; lastKnownFileType = file.storyboard; name = Base; path = Base.lproj/LaunchScreen.storyboard; sourceTree = "<group>"; };
		E5969B5E21295DC4009D8EE3 /* Info.plist */ = {isa = PBXFileReference; lastKnownFileType = text.plist.xml; path = Info.plist; sourceTree = "<group>"; };
/* End PBXFileReference section */

/* Begin PBXFrameworksBuildPhase section */
		E5969B4C21295DC1009D8EE3 /* Frameworks */ = {
			isa = PBXFrameworksBuildPhase;
			buildActionMask = 2147483647;
			files = (
			);
			runOnlyForDeploymentPostprocessing = 0;
		};
/* End PBXFrameworksBuildPhase section */

/* Begin PBXGroup section */
		E5969B4621295DC1009D8EE3 = {
			isa = PBXGroup;
			children = (
				E5969B5121295DC1009D8EE3 /* HomeworkShoppingApp */,
				E5969B5021295DC1009D8EE3 /* Products */,
			);
			sourceTree = "<group>";
		};
		E5969B5021295DC1009D8EE3 /* Products */ = {
			isa = PBXGroup;
			children = (
				E5969B4F21295DC1009D8EE3 /* HomeworkShoppingApp.app */,
			);
			name = Products;
			sourceTree = "<group>";
		};
		E5969B5121295DC1009D8EE3 /* HomeworkShoppingApp */ = {
			isa = PBXGroup;
			children = (
				E5969B5221295DC2009D8EE3 /* AppDelegate.swift */,
				E5969B5421295DC2009D8EE3 /* ViewController.swift */,
				E5969B5621295DC2009D8EE3 /* Main.storyboard */,
				E5969B5921295DC4009D8EE3 /* Assets.xcassets */,
				E5969B5B21295DC4009D8EE3 /* LaunchScreen.storyboard */,
				E5969B5E21295DC4009D8EE3 /* Info.plist */,
			);
			path = HomeworkShoppingApp;
			sourceTree = "<group>";
		};
/* End PBXGroup section */

/* Begin PBXNativeTarget section */
		E5969B4E21295DC1009D8EE3 /* HomeworkShoppingApp */ = {
			isa = PBXNativeTarget;
			buildConfigurationList = E5969B6121295DC4009D8EE3 /* Build configuration list for PBXNativeTarget "HomeworkShoppingApp" */;
			buildPhases = (
				E5969B4B21295DC1009D8EE3 /* Sources */,
				E5969B4C21295DC1009D8EE3 /* Frameworks */,
				E5969B4D21295DC1009D8EE3 /* Resources */,
			);
			buildRules = (
			);
			dependencies = (
			);
			name = HomeworkShoppingApp;
			productName = HomeworkShoppingApp;
			productReference = E5969B4F21295DC1009D8EE3 /* HomeworkShoppingApp.app */;
			productType = "com.apple.product-type.application";
		};
/* End PBXNativeTarget section */

/* Begin PBXProject section */
		E5969B4721295DC1009D8EE3 /* Project object */ = {
			isa = PBXProject;
			attributes = {
				LastSwiftUpdateCheck = 1000;
				LastUpgradeCheck = 1000;
				ORGANIZATIONNAME = "Pei Wu";
				TargetAttributes = {
					E5969B4E21295DC1009D8EE3 = {
						CreatedOnToolsVersion = 10.0;
					};
				};
			};
			buildConfigurationList = E5969B4A21295DC1009D8EE3 /* Build configuration list for PBXProject "HomeworkShoppingApp" */;
			compatibilityVersion = "Xcode 9.3";
			developmentRegion = en;
			hasScannedForEncodings = 0;
			knownRegions = (
				en,
				Base,
			);
			mainGroup = E5969B4621295DC1009D8EE3;
			productRefGroup = E5969B5021295DC1009D8EE3 /* Products */;
			projectDirPath = "";
			projectRoot = "";
			targets = (
				E5969B4E21295DC1009D8EE3 /* HomeworkShoppingApp */,
			);
		};
/* End PBXProject section */

/* Begin PBXResourcesBuildPhase section */
		E5969B4D21295DC1009D8EE3 /* Resources */ = {
			isa = PBXResourcesBuildPhase;
			buildActionMask = 2147483647;
			files = (
				E5969B5D21295DC4009D8EE3 /* LaunchScreen.storyboard in Resources */,
				E5969B5A21295DC4009D8EE3 /* Assets.xcassets in Resources */,
				E5969B5821295DC2009D8EE3 /* Main.storyboard in Resources */,
			);
			runOnlyForDeploymentPostprocessing = 0;
		};
/* End PBXResourcesBuildPhase section */

/* Begin PBXSourcesBuildPhase section */
		E5969B4B21295DC1009D8EE3 /* Sources */ = {
			isa = PBXSourcesBuildPhase;
			buildActionMask = 2147483647;
			files = (
				E5969B5521295DC2009D8EE3 /* ViewController.swift in Sources */,
				E5969B5321295DC2009D8EE3 /* AppDelegate.swift in Sources */,
			);
			runOnlyForDeploymentPostprocessing = 0;
		};
/* End PBXSourcesBuildPhase section */

/* Begin PBXVariantGroup section */
		E5969B5621295DC2009D8EE3 /* Main.storyboard */ = {
			isa = PBXVariantGroup;
			children = (
				E5969B5721295DC2009D8EE3 /* Base */,
			);
			name = Main.storyboard;
			sourceTree = "<group>";
		};
		E5969B5B21295DC4009D8EE3 /* LaunchScreen.storyboard */ = {
			isa = PBXVariantGroup;
			children = (
				E5969B5C21295DC4009D8EE3 /* Base */,
			);
			name = LaunchScreen.storyboard;
			sourceTree = "<group>";
		};
/* End PBXVariantGroup section */

/* Begin XCBuildConfiguration section */
		E5969B5F21295DC4009D8EE3 /* Debug */ = {
			isa = XCBuildConfiguration;
			buildSettings = {
				ALWAYS_SEARCH_USER_PATHS = NO;
				CLANG_ANALYZER_NONNULL = YES;
				CLANG_ANALYZER_NUMBER_OBJECT_CONVERSION = YES_AGGRESSIVE;
				CLANG_CXX_LANGUAGE_STANDARD = "gnu++14";
				CLANG_CXX_LIBRARY = "libc++";
				CLANG_ENABLE_MODULES = YES;
				CLANG_ENABLE_OBJC_ARC = YES;
				CLANG_ENABLE_OBJC_WEAK = YES;
				CLANG_WARN_BLOCK_CAPTURE_AUTORELEASING = YES;
				CLANG_WARN_BOOL_CONVERSION = YES;
				CLANG_WARN_COMMA = YES;
				CLANG_WARN_CONSTANT_CONVERSION = YES;
				CLANG_WARN_DEPRECATED_OBJC_IMPLEMENTATIONS = YES;
				CLANG_WARN_DIRECT_OBJC_ISA_USAGE = YES_ERROR;
				CLANG_WARN_DOCUMENTATION_COMMENTS = YES;
				CLANG_WARN_EMPTY_BODY = YES;
				CLANG_WARN_ENUM_CONVERSION = YES;
				CLANG_WARN_INFINITE_RECURSION = YES;
				CLANG_WARN_INT_CONVERSION = YES;
				CLANG_WARN_NON_LITERAL_NULL_CONVERSION = YES;
				CLANG_WARN_OBJC_IMPLICIT_RETAIN_SELF = YES;
				CLANG_WARN_OBJC_LITERAL_CONVERSION = YES;
				CLANG_WARN_OBJC_ROOT_CLASS = YES_ERROR;
				CLANG_WARN_RANGE_LOOP_ANALYSIS = YES;
				CLANG_WARN_STRICT_PROTOTYPES = YES;
				CLANG_WARN_SUSPICIOUS_MOVE = YES;
				CLANG_WARN_UNGUARDED_AVAILABILITY = YES_AGGRESSIVE;
				CLANG_WARN_UNREACHABLE_CODE = YES;
				CLANG_WARN__DUPLICATE_METHOD_MATCH = YES;
				CODE_SIGN_IDENTITY = "iPhone Developer";
				COPY_PHASE_STRIP = NO;
				DEBUG_INFORMATION_FORMAT = dwarf;
				ENABLE_STRICT_OBJC_MSGSEND = YES;
				ENABLE_TESTABILITY = YES;
				GCC_C_LANGUAGE_STANDARD = gnu11;
				GCC_DYNAMIC_NO_PIC = NO;
				GCC_NO_COMMON_BLOCKS = YES;
				GCC_OPTIMIZATION_LEVEL = 0;
				GCC_PREPROCESSOR_DEFINITIONS = (
					"DEBUG=1",
					"$(inherited)",
				);
				GCC_WARN_64_TO_32_BIT_CONVERSION = YES;
				GCC_WARN_ABOUT_RETURN_TYPE = YES_ERROR;
				GCC_WARN_UNDECLARED_SELECTOR = YES;
				GCC_WARN_UNINITIALIZED_AUTOS = YES_AGGRESSIVE;
				GCC_WARN_UNUSED_FUNCTION = YES;
				GCC_WARN_UNUSED_VARIABLE = YES;
				IPHONEOS_DEPLOYMENT_TARGET = 12.0;
				MTL_ENABLE_DEBUG_INFO = INCLUDE_SOURCE;
				MTL_FAST_MATH = YES;
				ONLY_ACTIVE_ARCH = YES;
				SDKROOT = iphoneos;
				SWIFT_ACTIVE_COMPILATION_CONDITIONS = DEBUG;
				SWIFT_OPTIMIZATION_LEVEL = "-Onone";
			};
			name = Debug;
		};
		E5969B6021295DC4009D8EE3 /* Release */ = {
			isa = XCBuildConfiguration;
			buildSettings = {
				ALWAYS_SEARCH_USER_PATHS = NO;
				CLANG_ANALYZER_NONNULL = YES;
				CLANG_ANALYZER_NUMBER_OBJECT_CONVERSION = YES_AGGRESSIVE;
				CLANG_CXX_LANGUAGE_STANDARD = "gnu++14";
				CLANG_CXX_LIBRARY = "libc++";
				CLANG_ENABLE_MODULES = YES;
				CLANG_ENABLE_OBJC_ARC = YES;
				CLANG_ENABLE_OBJC_WEAK = YES;
				CLANG_WARN_BLOCK_CAPTURE_AUTORELEASING = YES;
				CLANG_WARN_BOOL_CONVERSION = YES;
				CLANG_WARN_COMMA = YES;
				CLANG_WARN_CONSTANT_CONVERSION = YES;
				CLANG_WARN_DEPRECATED_OBJC_IMPLEMENTATIONS = YES;
				CLANG_WARN_DIRECT_OBJC_ISA_USAGE = YES_ERROR;
				CLANG_WARN_DOCUMENTATION_COMMENTS = YES;
				CLANG_WARN_EMPTY_BODY = YES;
				CLANG_WARN_ENUM_CONVERSION = YES;
				CLANG_WARN_INFINITE_RECURSION = YES;
				CLANG_WARN_INT_CONVERSION = YES;
				CLANG_WARN_NON_LITERAL_NULL_CONVERSION = YES;
				CLANG_WARN_OBJC_IMPLICIT_RETAIN_SELF = YES;
				CLANG_WARN_OBJC_LITERAL_CONVERSION = YES;
				CLANG_WARN_OBJC_ROOT_CLASS = YES_ERROR;
				CLANG_WARN_RANGE_LOOP_ANALYSIS = YES;
				CLANG_WARN_STRICT_PROTOTYPES = YES;
				CLANG_WARN_SUSPICIOUS_MOVE = YES;
				CLANG_WARN_UNGUARDED_AVAILABILITY = YES_AGGRESSIVE;
				CLANG_WARN_UNREACHABLE_CODE = YES;
				CLANG_WARN__DUPLICATE_METHOD_MATCH = YES;
				CODE_SIGN_IDENTITY = "iPhone Developer";
				COPY_PHASE_STRIP = NO;
				DEBUG_INFORMATION_FORMAT = "dwarf-with-dsym";
				ENABLE_NS_ASSERTIONS = NO;
				ENABLE_STRICT_OBJC_MSGSEND = YES;
				GCC_C_LANGUAGE_STANDARD = gnu11;
				GCC_NO_COMMON_BLOCKS = YES;
				GCC_WARN_64_TO_32_BIT_CONVERSION = YES;
				GCC_WARN_ABOUT_RETURN_TYPE = YES_ERROR;
				GCC_WARN_UNDECLARED_SELECTOR = YES;
				GCC_WARN_UNINITIALIZED_AUTOS = YES_AGGRESSIVE;
				GCC_WARN_UNUSED_FUNCTION = YES;
				GCC_WARN_UNUSED_VARIABLE = YES;
				IPHONEOS_DEPLOYMENT_TARGET = 12.0;
				MTL_ENABLE_DEBUG_INFO = NO;
				MTL_FAST_MATH = YES;
				SDKROOT = iphoneos;
				SWIFT_COMPILATION_MODE = wholemodule;
				SWIFT_OPTIMIZATION_LEVEL = "-O";
				VALIDATE_PRODUCT = YES;
			};
			name = Release;
		};
		E5969B6221295DC4009D8EE3 /* Debug */ = {
			isa = XCBuildConfiguration;
			buildSettings = {
				ASSETCATALOG_COMPILER_APPICON_NAME = AppIcon;
				CODE_SIGN_STYLE = Automatic;
				DEVELOPMENT_TEAM = CXXUZZXAFX;
				INFOPLIST_FILE = HomeworkShoppingApp/Info.plist;
				LD_RUNPATH_SEARCH_PATHS = (
					"$(inherited)",
					"@executable_path/Frameworks",
				);
				PRODUCT_BUNDLE_IDENTIFIER = com.mysterycatt.HomeworkShoppingApp;
				PRODUCT_NAME = "$(TARGET_NAME)";
				SWIFT_VERSION = 4.2;
				TARGETED_DEVICE_FAMILY = "1,2";
			};
			name = Debug;
		};
		E5969B6321295DC4009D8EE3 /* Release */ = {
			isa = XCBuildConfiguration;
			buildSettings = {
				ASSETCATALOG_COMPILER_APPICON_NAME = AppIcon;
				CODE_SIGN_STYLE = Automatic;
				DEVELOPMENT_TEAM = CXXUZZXAFX;
				INFOPLIST_FILE = HomeworkShoppingApp/Info.plist;
				LD_RUNPATH_SEARCH_PATHS = (
					"$(inherited)",
					"@executable_path/Frameworks",
				);
				PRODUCT_BUNDLE_IDENTIFIER = com.mysterycatt.HomeworkShoppingApp;
				PRODUCT_NAME = "$(TARGET_NAME)";
				SWIFT_VERSION = 4.2;
				TARGETED_DEVICE_FAMILY = "1,2";
			};
			name = Release;
		};
/* End XCBuildConfiguration section */

/* Begin XCConfigurationList section */
		E5969B4A21295DC1009D8EE3 /* Build configuration list for PBXProject "HomeworkShoppingApp" */ = {
			isa = XCConfigurationList;
			buildConfigurations = (
				E5969B5F21295DC4009D8EE3 /* Debug */,
				E5969B6021295DC4009D8EE3 /* Release */,
			);
			defaultConfigurationIsVisible = 0;
			defaultConfigurationName = Release;
		};
		E5969B6121295DC4009D8EE3 /* Build configuration list for PBXNativeTarget "HomeworkShoppingApp" */ = {
			isa = XCConfigurationList;
			buildConfigurations = (
				E5969B6221295DC4009D8EE3 /* Debug */,
				E5969B6321295DC4009D8EE3 /* Release */,
			);
			defaultConfigurationIsVisible = 0;
			defaultConfigurationName = Release;
		};
/* End XCConfigurationList section */
	};
	rootObject = E5969B4721295DC1009D8EE3 /* Project object */;
}
